
Microsoft Visual Studio Solution File, Format Version 12.00
# Visual Studio Version 16
VisualStudioVersion = 16.0.28803.202
MinimumVisualStudioVersion = 10.0.40219.1
Project("{FAE04EC0-301F-11D3-BF4B-00C04F79EFBC}") = "Shapes", "Shapes\Shapes.csproj", "{BF12636D-BABC-425C-82F3-5135F0CEFEEF}"
EndProject
Project("{FAE04EC0-301F-11D3-BF4B-00C04F79EFBC}") = "Vectors", "Vectors\Vectors.csproj", "{5A00205D-0BD3-4050-8EC2-8186503F0B88}"
EndProject
Project("{2150E333-8FDC-42A3-9474-1A3956D46DE8}") = "Resource", "Resource", "{15261875-877D-4B07-8E4D-66C38E8DD03A}"
	ProjectSection(SolutionItems) = preProject
		Countries.json = Countries.json
		CountriesExample.json = CountriesExample.json
		CountriesJSON.json = CountriesJSON.json
		CountriesXML.xml = CountriesXML.xml
		EnumValutes.xml = EnumValutes.xml
	EndProjectSection
EndProject
Project("{FAE04EC0-301F-11D3-BF4B-00C04F79EFBC}") = "Range", "Diapason\Range.csproj", "{4A1ED70E-2FB3-48A4-9C18-6AE5C4EED5BA}"
EndProject
Project("{FAE04EC0-301F-11D3-BF4B-00C04F79EFBC}") = "ArrayListHome", "ArrayListHome\ArrayListHome.csproj", "{53E5787C-6647-4031-A17A-951D56EE7930}"
EndProject
Project("{FAE04EC0-301F-11D3-BF4B-00C04F79EFBC}") = "ArrayList", "ArrList\ArrayList.csproj", "{6628322F-CED2-4AAC-A9EB-A75049C25CD2}"
EndProject
Global
	GlobalSection(SolutionConfigurationPlatforms) = preSolution
		Debug|Any CPU = Debug|Any CPU
		Release|Any CPU = Release|Any CPU
	EndGlobalSection
	GlobalSection(ProjectConfigurationPlatforms) = postSolution
		{BF12636D-BABC-425C-82F3-5135F0CEFEEF}.Debug|Any CPU.ActiveCfg = Debug|Any CPU
		{BF12636D-BABC-425C-82F3-5135F0CEFEEF}.Debug|Any CPU.Build.0 = Debug|Any CPU
		{BF12636D-BABC-425C-82F3-5135F0CEFEEF}.Release|Any CPU.ActiveCfg = Release|Any CPU
		{BF12636D-BABC-425C-82F3-5135F0CEFEEF}.Release|Any CPU.Build.0 = Release|Any CPU
		{5A00205D-0BD3-4050-8EC2-8186503F0B88}.Debug|Any CPU.ActiveCfg = Debug|Any CPU
		{5A00205D-0BD3-4050-8EC2-8186503F0B88}.Debug|Any CPU.Build.0 = Debug|Any CPU
		{5A00205D-0BD3-4050-8EC2-8186503F0B88}.Release|Any CPU.ActiveCfg = Release|Any CPU
		{5A00205D-0BD3-4050-8EC2-8186503F0B88}.Release|Any CPU.Build.0 = Release|Any CPU
		{4A1ED70E-2FB3-48A4-9C18-6AE5C4EED5BA}.Debug|Any CPU.ActiveCfg = Debug|Any CPU
		{4A1ED70E-2FB3-48A4-9C18-6AE5C4EED5BA}.Debug|Any CPU.Build.0 = Debug|Any CPU
		{4A1ED70E-2FB3-48A4-9C18-6AE5C4EED5BA}.Release|Any CPU.ActiveCfg = Release|Any CPU
		{4A1ED70E-2FB3-48A4-9C18-6AE5C4EED5BA}.Release|Any CPU.Build.0 = Release|Any CPU
		{53E5787C-6647-4031-A17A-951D56EE7930}.Debug|Any CPU.ActiveCfg = Debug|Any CPU
		{53E5787C-6647-4031-A17A-951D56EE7930}.Debug|Any CPU.Build.0 = Debug|Any CPU
		{53E5787C-6647-4031-A17A-951D56EE7930}.Release|Any CPU.ActiveCfg = Release|Any CPU
		{53E5787C-6647-4031-A17A-951D56EE7930}.Release|Any CPU.Build.0 = Release|Any CPU
		{6628322F-CED2-4AAC-A9EB-A75049C25CD2}.Debug|Any CPU.ActiveCfg = Debug|Any CPU
		{6628322F-CED2-4AAC-A9EB-A75049C25CD2}.Debug|Any CPU.Build.0 = Debug|Any CPU
		{6628322F-CED2-4AAC-A9EB-A75049C25CD2}.Release|Any CPU.ActiveCfg = Release|Any CPU
		{6628322F-CED2-4AAC-A9EB-A75049C25CD2}.Release|Any CPU.Build.0 = Release|Any CPU
	EndGlobalSection
	GlobalSection(SolutionProperties) = preSolution
		HideSolutionNode = FALSE
	EndGlobalSection
	GlobalSection(ExtensibilityGlobals) = postSolution
		SolutionGuid = {B6A2C8E3-933D-4594-912D-49A6DE7C1F18}
	EndGlobalSection
EndGlobal
